
Microsoft Visual Studio Solution File, Format Version 12.00
# Visual Studio Version 17
VisualStudioVersion = 17.8.34601.278
MinimumVisualStudioVersion = 10.0.40219.1
Project("{FAE04EC0-301F-11D3-BF4B-00C04F79EFBC}") = "ElsaMassTransitTest", "ElsaMassTransitTest.csproj", "{D9829C9E-F90D-41EB-9FD4-79EF6E9CA130}"
EndProject
Global
	GlobalSection(SolutionConfigurationPlatforms) = preSolution
		Debug|Any CPU = Debug|Any CPU
		Release|Any CPU = Release|Any CPU
	EndGlobalSection
	GlobalSection(ProjectConfigurationPlatforms) = postSolution
		{D9829C9E-F90D-41EB-9FD4-79EF6E9CA130}.Debug|Any CPU.ActiveCfg = Debug|Any CPU
		{D9829C9E-F90D-41EB-9FD4-79EF6E9CA130}.Debug|Any CPU.Build.0 = Debug|Any CPU
		{D9829C9E-F90D-41EB-9FD4-79EF6E9CA130}.Release|Any CPU.ActiveCfg = Release|Any CPU
		{D9829C9E-F90D-41EB-9FD4-79EF6E9CA130}.Release|Any CPU.Build.0 = Release|Any CPU
	EndGlobalSection
	GlobalSection(SolutionProperties) = preSolution
		HideSolutionNode = FALSE
	EndGlobalSection
	GlobalSection(ExtensibilityGlobals) = postSolution
		SolutionGuid = {55AEAA45-C04F-49C2-9761-74A9058F4CEF}
	EndGlobalSection
EndGlobal
